
Microsoft Visual Studio Solution File, Format Version 12.00
# Visual Studio Version 16
VisualStudioVersion = 16.0.29201.188
MinimumVisualStudioVersion = 10.0.40219.1
Project("{FAE04EC0-301F-11D3-BF4B-00C04F79EFBC}") = "RegionExtension", "RegionExtension\RegionExtension.csproj", "{CF27FF5B-5650-4F3E-9957-C7D7F16582FE}"
EndProject
Global
	GlobalSection(SolutionConfigurationPlatforms) = preSolution
		Debug|Any CPU = Debug|Any CPU
		Release|Any CPU = Release|Any CPU
	EndGlobalSection
	GlobalSection(ProjectConfigurationPlatforms) = postSolution
		{CF27FF5B-5650-4F3E-9957-C7D7F16582FE}.Debug|Any CPU.ActiveCfg = Debug|Any CPU
		{CF27FF5B-5650-4F3E-9957-C7D7F16582FE}.Debug|Any CPU.Build.0 = Debug|Any CPU
		{CF27FF5B-5650-4F3E-9957-C7D7F16582FE}.Release|Any CPU.ActiveCfg = Release|Any CPU
		{CF27FF5B-5650-4F3E-9957-C7D7F16582FE}.Release|Any CPU.Build.0 = Release|Any CPU
	EndGlobalSection
	GlobalSection(SolutionProperties) = preSolution
		HideSolutionNode = FALSE
	EndGlobalSection
	GlobalSection(ExtensibilityGlobals) = postSolution
		SolutionGuid = {827D2442-3338-4B10-A6CF-5DEEF4729D9F}
	EndGlobalSection
EndGlobal
